// !$*UTF8*$!
{
	archiveVersion = 1;
	classes = {
	};
	objectVersion = 52;
	objects = {

/* Begin PBXBuildFile section */
		AE3A9CB824740FEE00DD0C09 /* AppDelegate.swift in Sources */ = {isa = PBXBuildFile; fileRef = AE3A9CB724740FEE00DD0C09 /* AppDelegate.swift */; };
		AE3A9CBA24740FEE00DD0C09 /* SceneDelegate.swift in Sources */ = {isa = PBXBuildFile; fileRef = AE3A9CB924740FEE00DD0C09 /* SceneDelegate.swift */; };
		AE3A9CBC24740FEE00DD0C09 /* MemoViewController.swift in Sources */ = {isa = PBXBuildFile; fileRef = AE3A9CBB24740FEE00DD0C09 /* MemoViewController.swift */; };
		AE3A9CC124740FF100DD0C09 /* Assets.xcassets in Resources */ = {isa = PBXBuildFile; fileRef = AE3A9CC024740FF100DD0C09 /* Assets.xcassets */; };
		AE3A9CC424740FF100DD0C09 /* LaunchScreen.storyboard in Resources */ = {isa = PBXBuildFile; fileRef = AE3A9CC224740FF100DD0C09 /* LaunchScreen.storyboard */; };
		AE3A9CCE2476E25D00DD0C09 /* Main.storyboard in Resources */ = {isa = PBXBuildFile; fileRef = AE3A9CCD2476E25D00DD0C09 /* Main.storyboard */; };
		AE3A9D0724788B7D00DD0C09 /* FieldTableViewCell.swift in Sources */ = {isa = PBXBuildFile; fileRef = AE3A9D0524788B7D00DD0C09 /* FieldTableViewCell.swift */; };
		AE3A9D0824788B7D00DD0C09 /* FieldTableViewCell.xib in Resources */ = {isa = PBXBuildFile; fileRef = AE3A9D0624788B7D00DD0C09 /* FieldTableViewCell.xib */; };
		AE3A9D0A2479EE8600DD0C09 /* FolderViewController.swift in Sources */ = {isa = PBXBuildFile; fileRef = AE3A9D092479EE8600DD0C09 /* FolderViewController.swift */; };
		AE3A9D0D2479F4D200DD0C09 /* FolderCollectionViewCell.swift in Sources */ = {isa = PBXBuildFile; fileRef = AE3A9D0B2479F4D200DD0C09 /* FolderCollectionViewCell.swift */; };
		AE3A9D0E2479F4D200DD0C09 /* FolderCollectionViewCell.xib in Resources */ = {isa = PBXBuildFile; fileRef = AE3A9D0C2479F4D200DD0C09 /* FolderCollectionViewCell.xib */; };
		AEBCB8F5247A4AFF00517168 /* Realm in Frameworks */ = {isa = PBXBuildFile; productRef = AEBCB8F4247A4AFF00517168 /* Realm */; };
		AEBCB8F7247A4AFF00517168 /* RealmSwift in Frameworks */ = {isa = PBXBuildFile; productRef = AEBCB8F6247A4AFF00517168 /* RealmSwift */; };
		AEBCB8F9247A4B7000517168 /* DB.swift in Sources */ = {isa = PBXBuildFile; fileRef = AEBCB8F8247A4B7000517168 /* DB.swift */; };
		AEF86B18247A1DB00042C758 /* TextStyles-NewYork.xd in Resources */ = {isa = PBXBuildFile; fileRef = AEF86B0D247A1DAF0042C758 /* TextStyles-NewYork.xd */; };
		AEF86B19247A1DB00042C758 /* UIElements+DesignTemplates+Guides-iPhone.xd in Resources */ = {isa = PBXBuildFile; fileRef = AEF86B0E247A1DAF0042C758 /* UIElements+DesignTemplates+Guides-iPhone.xd */; };
		AEF86B1A247A1DB00042C758 /* UIElements+DesignTemplates+Guides-iPad.xd in Resources */ = {isa = PBXBuildFile; fileRef = AEF86B0F247A1DAF0042C758 /* UIElements+DesignTemplates+Guides-iPad.xd */; };
		AEF86B1B247A1DB00042C758 /* Template-PromotionalImages-iOS.xd in Resources */ = {isa = PBXBuildFile; fileRef = AEF86B11247A1DAF0042C758 /* Template-PromotionalImages-iOS.xd */; };
		AEF86B1C247A1DB00042C758 /* Template-Glyph-QuickAction.xd in Resources */ = {isa = PBXBuildFile; fileRef = AEF86B12247A1DAF0042C758 /* Template-Glyph-QuickAction.xd */; };
		AEF86B1D247A1DB00042C758 /* Template-AppIcons-iMessage-iOS.xd in Resources */ = {isa = PBXBuildFile; fileRef = AEF86B13247A1DAF0042C758 /* Template-AppIcons-iMessage-iOS.xd */; };
		AEF86B1E247A1DB00042C758 /* Template-Glyph-NavigationBarAndToolbar.xd in Resources */ = {isa = PBXBuildFile; fileRef = AEF86B14247A1DAF0042C758 /* Template-Glyph-NavigationBarAndToolbar.xd */; };
		AEF86B1F247A1DB00042C758 /* Template-Glyphs-ActivityViewActions.xd in Resources */ = {isa = PBXBuildFile; fileRef = AEF86B15247A1DAF0042C758 /* Template-Glyphs-ActivityViewActions.xd */; };
		AEF86B20247A1DB00042C758 /* Template-Glyph-TabBar.xd in Resources */ = {isa = PBXBuildFile; fileRef = AEF86B16247A1DAF0042C758 /* Template-Glyph-TabBar.xd */; };
		AEF86B21247A1DB00042C758 /* Template-AppIcons-iOS.xd in Resources */ = {isa = PBXBuildFile; fileRef = AEF86B17247A1DAF0042C758 /* Template-AppIcons-iOS.xd */; };
/* End PBXBuildFile section */

/* Begin PBXFileReference section */
		AE3A9CB424740FEE00DD0C09 /* Original Application.app */ = {isa = PBXFileReference; explicitFileType = wrapper.application; includeInIndex = 0; path = "Original Application.app"; sourceTree = BUILT_PRODUCTS_DIR; };
		AE3A9CB724740FEE00DD0C09 /* AppDelegate.swift */ = {isa = PBXFileReference; lastKnownFileType = sourcecode.swift; path = AppDelegate.swift; sourceTree = "<group>"; };
		AE3A9CB924740FEE00DD0C09 /* SceneDelegate.swift */ = {isa = PBXFileReference; lastKnownFileType = sourcecode.swift; path = SceneDelegate.swift; sourceTree = "<group>"; };
		AE3A9CBB24740FEE00DD0C09 /* MemoViewController.swift */ = {isa = PBXFileReference; lastKnownFileType = sourcecode.swift; path = MemoViewController.swift; sourceTree = "<group>"; };
		AE3A9CC024740FF100DD0C09 /* Assets.xcassets */ = {isa = PBXFileReference; lastKnownFileType = folder.assetcatalog; path = Assets.xcassets; sourceTree = "<group>"; };
		AE3A9CC324740FF100DD0C09 /* Base */ = {isa = PBXFileReference; lastKnownFileType = file.storyboard; name = Base; path = Base.lproj/LaunchScreen.storyboard; sourceTree = "<group>"; };
		AE3A9CC524740FF100DD0C09 /* Info.plist */ = {isa = PBXFileReference; lastKnownFileType = text.plist.xml; path = Info.plist; sourceTree = "<group>"; };
		AE3A9CCD2476E25D00DD0C09 /* Main.storyboard */ = {isa = PBXFileReference; fileEncoding = 4; lastKnownFileType = file.storyboard; path = Main.storyboard; sourceTree = "<group>"; };
		AE3A9D0524788B7D00DD0C09 /* FieldTableViewCell.swift */ = {isa = PBXFileReference; lastKnownFileType = sourcecode.swift; path = FieldTableViewCell.swift; sourceTree = "<group>"; };
		AE3A9D0624788B7D00DD0C09 /* FieldTableViewCell.xib */ = {isa = PBXFileReference; lastKnownFileType = file.xib; path = FieldTableViewCell.xib; sourceTree = "<group>"; };
		AE3A9D092479EE8600DD0C09 /* FolderViewController.swift */ = {isa = PBXFileReference; lastKnownFileType = sourcecode.swift; path = FolderViewController.swift; sourceTree = "<group>"; };
		AE3A9D0B2479F4D200DD0C09 /* FolderCollectionViewCell.swift */ = {isa = PBXFileReference; lastKnownFileType = sourcecode.swift; path = FolderCollectionViewCell.swift; sourceTree = "<group>"; };
		AE3A9D0C2479F4D200DD0C09 /* FolderCollectionViewCell.xib */ = {isa = PBXFileReference; lastKnownFileType = file.xib; path = FolderCollectionViewCell.xib; sourceTree = "<group>"; };
		AEBCB8F8247A4B7000517168 /* DB.swift */ = {isa = PBXFileReference; lastKnownFileType = sourcecode.swift; path = DB.swift; sourceTree = "<group>"; };
		AEF86B0D247A1DAF0042C758 /* TextStyles-NewYork.xd */ = {isa = PBXFileReference; lastKnownFileType = file; path = "TextStyles-NewYork.xd"; sourceTree = "<group>"; };
		AEF86B0E247A1DAF0042C758 /* UIElements+DesignTemplates+Guides-iPhone.xd */ = {isa = PBXFileReference; lastKnownFileType = file; path = "UIElements+DesignTemplates+Guides-iPhone.xd"; sourceTree = "<group>"; };
		AEF86B0F247A1DAF0042C758 /* UIElements+DesignTemplates+Guides-iPad.xd */ = {isa = PBXFileReference; lastKnownFileType = file; path = "UIElements+DesignTemplates+Guides-iPad.xd"; sourceTree = "<group>"; };
		AEF86B11247A1DAF0042C758 /* Template-PromotionalImages-iOS.xd */ = {isa = PBXFileReference; lastKnownFileType = file; path = "Template-PromotionalImages-iOS.xd"; sourceTree = "<group>"; };
		AEF86B12247A1DAF0042C758 /* Template-Glyph-QuickAction.xd */ = {isa = PBXFileReference; lastKnownFileType = file; path = "Template-Glyph-QuickAction.xd"; sourceTree = "<group>"; };
		AEF86B13247A1DAF0042C758 /* Template-AppIcons-iMessage-iOS.xd */ = {isa = PBXFileReference; lastKnownFileType = file; path = "Template-AppIcons-iMessage-iOS.xd"; sourceTree = "<group>"; };
		AEF86B14247A1DAF0042C758 /* Template-Glyph-NavigationBarAndToolbar.xd */ = {isa = PBXFileReference; lastKnownFileType = file; path = "Template-Glyph-NavigationBarAndToolbar.xd"; sourceTree = "<group>"; };
		AEF86B15247A1DAF0042C758 /* Template-Glyphs-ActivityViewActions.xd */ = {isa = PBXFileReference; lastKnownFileType = file; path = "Template-Glyphs-ActivityViewActions.xd"; sourceTree = "<group>"; };
		AEF86B16247A1DAF0042C758 /* Template-Glyph-TabBar.xd */ = {isa = PBXFileReference; lastKnownFileType = file; path = "Template-Glyph-TabBar.xd"; sourceTree = "<group>"; };
		AEF86B17247A1DAF0042C758 /* Template-AppIcons-iOS.xd */ = {isa = PBXFileReference; lastKnownFileType = file; path = "Template-AppIcons-iOS.xd"; sourceTree = "<group>"; };
/* End PBXFileReference section */

/* Begin PBXFrameworksBuildPhase section */
		AE3A9CB124740FEE00DD0C09 /* Frameworks */ = {
			isa = PBXFrameworksBuildPhase;
			buildActionMask = 2147483647;
			files = (
				AEBCB8F7247A4AFF00517168 /* RealmSwift in Frameworks */,
				AEBCB8F5247A4AFF00517168 /* Realm in Frameworks */,
			);
			runOnlyForDeploymentPostprocessing = 0;
		};
/* End PBXFrameworksBuildPhase section */

/* Begin PBXGroup section */
		AE3A9CAB24740FEE00DD0C09 = {
			isa = PBXGroup;
			children = (
				AE3A9CB624740FEE00DD0C09 /* Original Application */,
				AE3A9CB524740FEE00DD0C09 /* Products */,
			);
			sourceTree = "<group>";
		};
		AE3A9CB524740FEE00DD0C09 /* Products */ = {
			isa = PBXGroup;
			children = (
				AE3A9CB424740FEE00DD0C09 /* Original Application.app */,
			);
			name = Products;
			sourceTree = "<group>";
		};
		AE3A9CB624740FEE00DD0C09 /* Original Application */ = {
			isa = PBXGroup;
			children = (
				AEF86B0B247A1DAF0042C758 /* iOS 13 Adobe XD */,
				AE3A9CB724740FEE00DD0C09 /* AppDelegate.swift */,
				AE3A9CB924740FEE00DD0C09 /* SceneDelegate.swift */,
				AE3A9CBB24740FEE00DD0C09 /* MemoViewController.swift */,
				AE3A9D0524788B7D00DD0C09 /* FieldTableViewCell.swift */,
				AE3A9D0624788B7D00DD0C09 /* FieldTableViewCell.xib */,
				AE3A9CCD2476E25D00DD0C09 /* Main.storyboard */,
				AE3A9D092479EE8600DD0C09 /* FolderViewController.swift */,
				AE3A9D0B2479F4D200DD0C09 /* FolderCollectionViewCell.swift */,
				AE3A9D0C2479F4D200DD0C09 /* FolderCollectionViewCell.xib */,
				AEBCB8F8247A4B7000517168 /* DB.swift */,
				AE3A9CC024740FF100DD0C09 /* Assets.xcassets */,
				AE3A9CC224740FF100DD0C09 /* LaunchScreen.storyboard */,
				AE3A9CC524740FF100DD0C09 /* Info.plist */,
			);
			path = "Original Application";
			sourceTree = "<group>";
		};
		AEF86B0B247A1DAF0042C758 /* iOS 13 Adobe XD */ = {
			isa = PBXGroup;
			children = (
				AEF86B0C247A1DAF0042C758 /* UI Elements + Design Templates + Guides */,
				AEF86B10247A1DAF0042C758 /* Production Templates */,
			);
			path = "iOS 13 Adobe XD";
			sourceTree = "<group>";
		};
		AEF86B0C247A1DAF0042C758 /* UI Elements + Design Templates + Guides */ = {
			isa = PBXGroup;
			children = (
				AEF86B0D247A1DAF0042C758 /* TextStyles-NewYork.xd */,
				AEF86B0E247A1DAF0042C758 /* UIElements+DesignTemplates+Guides-iPhone.xd */,
				AEF86B0F247A1DAF0042C758 /* UIElements+DesignTemplates+Guides-iPad.xd */,
			);
			path = "UI Elements + Design Templates + Guides";
			sourceTree = "<group>";
		};
		AEF86B10247A1DAF0042C758 /* Production Templates */ = {
			isa = PBXGroup;
			children = (
				AEF86B11247A1DAF0042C758 /* Template-PromotionalImages-iOS.xd */,
				AEF86B12247A1DAF0042C758 /* Template-Glyph-QuickAction.xd */,
				AEF86B13247A1DAF0042C758 /* Template-AppIcons-iMessage-iOS.xd */,
				AEF86B14247A1DAF0042C758 /* Template-Glyph-NavigationBarAndToolbar.xd */,
				AEF86B15247A1DAF0042C758 /* Template-Glyphs-ActivityViewActions.xd */,
				AEF86B16247A1DAF0042C758 /* Template-Glyph-TabBar.xd */,
				AEF86B17247A1DAF0042C758 /* Template-AppIcons-iOS.xd */,
			);
			path = "Production Templates";
			sourceTree = "<group>";
		};
/* End PBXGroup section */

/* Begin PBXNativeTarget section */
		AE3A9CB324740FEE00DD0C09 /* Original Application */ = {
			isa = PBXNativeTarget;
			buildConfigurationList = AE3A9CC824740FF100DD0C09 /* Build configuration list for PBXNativeTarget "Original Application" */;
			buildPhases = (
				AE3A9CB024740FEE00DD0C09 /* Sources */,
				AE3A9CB124740FEE00DD0C09 /* Frameworks */,
				AE3A9CB224740FEE00DD0C09 /* Resources */,
			);
			buildRules = (
			);
			dependencies = (
			);
			name = "Original Application";
			packageProductDependencies = (
				AEBCB8F4247A4AFF00517168 /* Realm */,
				AEBCB8F6247A4AFF00517168 /* RealmSwift */,
			);
			productName = "Original Application";
			productReference = AE3A9CB424740FEE00DD0C09 /* Original Application.app */;
			productType = "com.apple.product-type.application";
		};
/* End PBXNativeTarget section */

/* Begin PBXProject section */
		AE3A9CAC24740FEE00DD0C09 /* Project object */ = {
			isa = PBXProject;
			attributes = {
				LastSwiftUpdateCheck = 1140;
				LastUpgradeCheck = 1140;
				ORGANIZATIONNAME = "Kusunose Hosho";
				TargetAttributes = {
					AE3A9CB324740FEE00DD0C09 = {
						CreatedOnToolsVersion = 11.4.1;
					};
				};
			};
			buildConfigurationList = AE3A9CAF24740FEE00DD0C09 /* Build configuration list for PBXProject "Original Application" */;
			compatibilityVersion = "Xcode 9.3";
			developmentRegion = en;
			hasScannedForEncodings = 0;
			knownRegions = (
				en,
				Base,
			);
			mainGroup = AE3A9CAB24740FEE00DD0C09;
			packageReferences = (
				AEBCB8F3247A4AFF00517168 /* XCRemoteSwiftPackageReference "realm-cocoa" */,
			);
			productRefGroup = AE3A9CB524740FEE00DD0C09 /* Products */;
			projectDirPath = "";
			projectRoot = "";
			targets = (
				AE3A9CB324740FEE00DD0C09 /* Original Application */,
			);
		};
/* End PBXProject section */

/* Begin PBXResourcesBuildPhase section */
		AE3A9CB224740FEE00DD0C09 /* Resources */ = {
			isa = PBXResourcesBuildPhase;
			buildActionMask = 2147483647;
			files = (
				AEF86B1C247A1DB00042C758 /* Template-Glyph-QuickAction.xd in Resources */,
				AE3A9CCE2476E25D00DD0C09 /* Main.storyboard in Resources */,
				AEF86B20247A1DB00042C758 /* Template-Glyph-TabBar.xd in Resources */,
				AEF86B1A247A1DB00042C758 /* UIElements+DesignTemplates+Guides-iPad.xd in Resources */,
				AEF86B19247A1DB00042C758 /* UIElements+DesignTemplates+Guides-iPhone.xd in Resources */,
				AEF86B1B247A1DB00042C758 /* Template-PromotionalImages-iOS.xd in Resources */,
				AE3A9D0E2479F4D200DD0C09 /* FolderCollectionViewCell.xib in Resources */,
				AEF86B1D247A1DB00042C758 /* Template-AppIcons-iMessage-iOS.xd in Resources */,
				AEF86B21247A1DB00042C758 /* Template-AppIcons-iOS.xd in Resources */,
				AE3A9CC424740FF100DD0C09 /* LaunchScreen.storyboard in Resources */,
				AEF86B1E247A1DB00042C758 /* Template-Glyph-NavigationBarAndToolbar.xd in Resources */,
				AE3A9D0824788B7D00DD0C09 /* FieldTableViewCell.xib in Resources */,
				AEF86B1F247A1DB00042C758 /* Template-Glyphs-ActivityViewActions.xd in Resources */,
				AEF86B18247A1DB00042C758 /* TextStyles-NewYork.xd in Resources */,
				AE3A9CC124740FF100DD0C09 /* Assets.xcassets in Resources */,
			);
			runOnlyForDeploymentPostprocessing = 0;
		};
/* End PBXResourcesBuildPhase section */

/* Begin PBXSourcesBuildPhase section */
		AE3A9CB024740FEE00DD0C09 /* Sources */ = {
			isa = PBXSourcesBuildPhase;
			buildActionMask = 2147483647;
			files = (
				AEBCB8F9247A4B7000517168 /* DB.swift in Sources */,
				AE3A9CBC24740FEE00DD0C09 /* MemoViewController.swift in Sources */,
				AE3A9D0A2479EE8600DD0C09 /* FolderViewController.swift in Sources */,
				AE3A9CB824740FEE00DD0C09 /* AppDelegate.swift in Sources */,
				AE3A9D0724788B7D00DD0C09 /* FieldTableViewCell.swift in Sources */,
				AE3A9D0D2479F4D200DD0C09 /* FolderCollectionViewCell.swift in Sources */,
				AE3A9CBA24740FEE00DD0C09 /* SceneDelegate.swift in Sources */,
			);
			runOnlyForDeploymentPostprocessing = 0;
		};
/* End PBXSourcesBuildPhase section */

/* Begin PBXVariantGroup section */
		AE3A9CC224740FF100DD0C09 /* LaunchScreen.storyboard */ = {
			isa = PBXVariantGroup;
			children = (
				AE3A9CC324740FF100DD0C09 /* Base */,
			);
			name = LaunchScreen.storyboard;
			sourceTree = "<group>";
		};
/* End PBXVariantGroup section */

/* Begin XCBuildConfiguration section */
		AE3A9CC624740FF100DD0C09 /* Debug */ = {
			isa = XCBuildConfiguration;
			buildSettings = {
				ALWAYS_SEARCH_USER_PATHS = NO;
				CLANG_ANALYZER_NONNULL = YES;
				CLANG_ANALYZER_NUMBER_OBJECT_CONVERSION = YES_AGGRESSIVE;
				CLANG_CXX_LANGUAGE_STANDARD = "gnu++14";
				CLANG_CXX_LIBRARY = "libc++";
				CLANG_ENABLE_MODULES = YES;
				CLANG_ENABLE_OBJC_ARC = YES;
				CLANG_ENABLE_OBJC_WEAK = YES;
				CLANG_WARN_BLOCK_CAPTURE_AUTORELEASING = YES;
				CLANG_WARN_BOOL_CONVERSION = YES;
				CLANG_WARN_COMMA = YES;
				CLANG_WARN_CONSTANT_CONVERSION = YES;
				CLANG_WARN_DEPRECATED_OBJC_IMPLEMENTATIONS = YES;
				CLANG_WARN_DIRECT_OBJC_ISA_USAGE = YES_ERROR;
				CLANG_WARN_DOCUMENTATION_COMMENTS = YES;
				CLANG_WARN_EMPTY_BODY = YES;
				CLANG_WARN_ENUM_CONVERSION = YES;
				CLANG_WARN_INFINITE_RECURSION = YES;
				CLANG_WARN_INT_CONVERSION = YES;
				CLANG_WARN_NON_LITERAL_NULL_CONVERSION = YES;
				CLANG_WARN_OBJC_IMPLICIT_RETAIN_SELF = YES;
				CLANG_WARN_OBJC_LITERAL_CONVERSION = YES;
				CLANG_WARN_OBJC_ROOT_CLASS = YES_ERROR;
				CLANG_WARN_RANGE_LOOP_ANALYSIS = YES;
				CLANG_WARN_STRICT_PROTOTYPES = YES;
				CLANG_WARN_SUSPICIOUS_MOVE = YES;
				CLANG_WARN_UNGUARDED_AVAILABILITY = YES_AGGRESSIVE;
				CLANG_WARN_UNREACHABLE_CODE = YES;
				CLANG_WARN__DUPLICATE_METHOD_MATCH = YES;
				COPY_PHASE_STRIP = NO;
				DEBUG_INFORMATION_FORMAT = dwarf;
				ENABLE_STRICT_OBJC_MSGSEND = YES;
				ENABLE_TESTABILITY = YES;
				GCC_C_LANGUAGE_STANDARD = gnu11;
				GCC_DYNAMIC_NO_PIC = NO;
				GCC_NO_COMMON_BLOCKS = YES;
				GCC_OPTIMIZATION_LEVEL = 0;
				GCC_PREPROCESSOR_DEFINITIONS = (
					"DEBUG=1",
					"$(inherited)",
				);
				GCC_WARN_64_TO_32_BIT_CONVERSION = YES;
				GCC_WARN_ABOUT_RETURN_TYPE = YES_ERROR;
				GCC_WARN_UNDECLARED_SELECTOR = YES;
				GCC_WARN_UNINITIALIZED_AUTOS = YES_AGGRESSIVE;
				GCC_WARN_UNUSED_FUNCTION = YES;
				GCC_WARN_UNUSED_VARIABLE = YES;
				IPHONEOS_DEPLOYMENT_TARGET = 13.4;
				MTL_ENABLE_DEBUG_INFO = INCLUDE_SOURCE;
				MTL_FAST_MATH = YES;
				ONLY_ACTIVE_ARCH = YES;
				SDKROOT = iphoneos;
				SWIFT_ACTIVE_COMPILATION_CONDITIONS = DEBUG;
				SWIFT_OPTIMIZATION_LEVEL = "-Onone";
			};
			name = Debug;
		};
		AE3A9CC724740FF100DD0C09 /* Release */ = {
			isa = XCBuildConfiguration;
			buildSettings = {
				ALWAYS_SEARCH_USER_PATHS = NO;
				CLANG_ANALYZER_NONNULL = YES;
				CLANG_ANALYZER_NUMBER_OBJECT_CONVERSION = YES_AGGRESSIVE;
				CLANG_CXX_LANGUAGE_STANDARD = "gnu++14";
				CLANG_CXX_LIBRARY = "libc++";
				CLANG_ENABLE_MODULES = YES;
				CLANG_ENABLE_OBJC_ARC = YES;
				CLANG_ENABLE_OBJC_WEAK = YES;
				CLANG_WARN_BLOCK_CAPTURE_AUTORELEASING = YES;
				CLANG_WARN_BOOL_CONVERSION = YES;
				CLANG_WARN_COMMA = YES;
				CLANG_WARN_CONSTANT_CONVERSION = YES;
				CLANG_WARN_DEPRECATED_OBJC_IMPLEMENTATIONS = YES;
				CLANG_WARN_DIRECT_OBJC_ISA_USAGE = YES_ERROR;
				CLANG_WARN_DOCUMENTATION_COMMENTS = YES;
				CLANG_WARN_EMPTY_BODY = YES;
				CLANG_WARN_ENUM_CONVERSION = YES;
				CLANG_WARN_INFINITE_RECURSION = YES;
				CLANG_WARN_INT_CONVERSION = YES;
				CLANG_WARN_NON_LITERAL_NULL_CONVERSION = YES;
				CLANG_WARN_OBJC_IMPLICIT_RETAIN_SELF = YES;
				CLANG_WARN_OBJC_LITERAL_CONVERSION = YES;
				CLANG_WARN_OBJC_ROOT_CLASS = YES_ERROR;
				CLANG_WARN_RANGE_LOOP_ANALYSIS = YES;
				CLANG_WARN_STRICT_PROTOTYPES = YES;
				CLANG_WARN_SUSPICIOUS_MOVE = YES;
				CLANG_WARN_UNGUARDED_AVAILABILITY = YES_AGGRESSIVE;
				CLANG_WARN_UNREACHABLE_CODE = YES;
				CLANG_WARN__DUPLICATE_METHOD_MATCH = YES;
				COPY_PHASE_STRIP = NO;
				DEBUG_INFORMATION_FORMAT = "dwarf-with-dsym";
				ENABLE_NS_ASSERTIONS = NO;
				ENABLE_STRICT_OBJC_MSGSEND = YES;
				GCC_C_LANGUAGE_STANDARD = gnu11;
				GCC_NO_COMMON_BLOCKS = YES;
				GCC_WARN_64_TO_32_BIT_CONVERSION = YES;
				GCC_WARN_ABOUT_RETURN_TYPE = YES_ERROR;
				GCC_WARN_UNDECLARED_SELECTOR = YES;
				GCC_WARN_UNINITIALIZED_AUTOS = YES_AGGRESSIVE;
				GCC_WARN_UNUSED_FUNCTION = YES;
				GCC_WARN_UNUSED_VARIABLE = YES;
				IPHONEOS_DEPLOYMENT_TARGET = 13.4;
				MTL_ENABLE_DEBUG_INFO = NO;
				MTL_FAST_MATH = YES;
				SDKROOT = iphoneos;
				SWIFT_COMPILATION_MODE = wholemodule;
				SWIFT_OPTIMIZATION_LEVEL = "-O";
				VALIDATE_PRODUCT = YES;
			};
			name = Release;
		};
		AE3A9CC924740FF100DD0C09 /* Debug */ = {
			isa = XCBuildConfiguration;
			buildSettings = {
				ASSETCATALOG_COMPILER_APPICON_NAME = AppIcon;
				CODE_SIGN_STYLE = Automatic;
				DEVELOPMENT_TEAM = F37685AA55;
				INFOPLIST_FILE = "Original Application/Info.plist";
				LD_RUNPATH_SEARCH_PATHS = (
					"$(inherited)",
					"@executable_path/Frameworks",
				);
				PRODUCT_BUNDLE_IDENTIFIER = "app.kusunose.hosho.Original-Application";
				PRODUCT_NAME = "$(TARGET_NAME)";
				SWIFT_VERSION = 5.0;
				TARGETED_DEVICE_FAMILY = "1,2";
			};
			name = Debug;
		};
		AE3A9CCA24740FF100DD0C09 /* Release */ = {
			isa = XCBuildConfiguration;
			buildSettings = {
				ASSETCATALOG_COMPILER_APPICON_NAME = AppIcon;
				CODE_SIGN_STYLE = Automatic;
				DEVELOPMENT_TEAM = F37685AA55;
				INFOPLIST_FILE = "Original Application/Info.plist";
				LD_RUNPATH_SEARCH_PATHS = (
					"$(inherited)",
					"@executable_path/Frameworks",
				);
				PRODUCT_BUNDLE_IDENTIFIER = "app.kusunose.hosho.Original-Application";
				PRODUCT_NAME = "$(TARGET_NAME)";
				SWIFT_VERSION = 5.0;
				TARGETED_DEVICE_FAMILY = "1,2";
			};
			name = Release;
		};
/* End XCBuildConfiguration section */

/* Begin XCConfigurationList section */
		AE3A9CAF24740FEE00DD0C09 /* Build configuration list for PBXProject "Original Application" */ = {
			isa = XCConfigurationList;
			buildConfigurations = (
				AE3A9CC624740FF100DD0C09 /* Debug */,
				AE3A9CC724740FF100DD0C09 /* Release */,
			);
			defaultConfigurationIsVisible = 0;
			defaultConfigurationName = Release;
		};
		AE3A9CC824740FF100DD0C09 /* Build configuration list for PBXNativeTarget "Original Application" */ = {
			isa = XCConfigurationList;
			buildConfigurations = (
				AE3A9CC924740FF100DD0C09 /* Debug */,
				AE3A9CCA24740FF100DD0C09 /* Release */,
			);
			defaultConfigurationIsVisible = 0;
			defaultConfigurationName = Release;
		};
/* End XCConfigurationList section */

/* Begin XCRemoteSwiftPackageReference section */
		AEBCB8F3247A4AFF00517168 /* XCRemoteSwiftPackageReference "realm-cocoa" */ = {
			isa = XCRemoteSwiftPackageReference;
			repositoryURL = "https://github.com/realm/realm-cocoa";
			requirement = {
				kind = upToNextMajorVersion;
				minimumVersion = 5.0.0;
			};
		};
/* End XCRemoteSwiftPackageReference section */

/* Begin XCSwiftPackageProductDependency section */
		AEBCB8F4247A4AFF00517168 /* Realm */ = {
			isa = XCSwiftPackageProductDependency;
			package = AEBCB8F3247A4AFF00517168 /* XCRemoteSwiftPackageReference "realm-cocoa" */;
			productName = Realm;
		};
		AEBCB8F6247A4AFF00517168 /* RealmSwift */ = {
			isa = XCSwiftPackageProductDependency;
			package = AEBCB8F3247A4AFF00517168 /* XCRemoteSwiftPackageReference "realm-cocoa" */;
			productName = RealmSwift;
		};
/* End XCSwiftPackageProductDependency section */
	};
	rootObject = AE3A9CAC24740FEE00DD0C09 /* Project object */;
}
